
Microsoft Visual Studio Solution File, Format Version 12.00
# Visual Studio Version 16
VisualStudioVersion = 16.0.30104.148
MinimumVisualStudioVersion = 10.0.40219.1
Project("{FAE04EC0-301F-11D3-BF4B-00C04F79EFBC}") = "TestSelectMany", "TestSelectMany\TestSelectMany.csproj", "{35B69F7C-783B-483C-B926-605708345EA0}"
EndProject
Global
	GlobalSection(SolutionConfigurationPlatforms) = preSolution
		Debug|Any CPU = Debug|Any CPU
		Release|Any CPU = Release|Any CPU
	EndGlobalSection
	GlobalSection(ProjectConfigurationPlatforms) = postSolution
		{35B69F7C-783B-483C-B926-605708345EA0}.Debug|Any CPU.ActiveCfg = Debug|Any CPU
		{35B69F7C-783B-483C-B926-605708345EA0}.Debug|Any CPU.Build.0 = Debug|Any CPU
		{35B69F7C-783B-483C-B926-605708345EA0}.Release|Any CPU.ActiveCfg = Release|Any CPU
		{35B69F7C-783B-483C-B926-605708345EA0}.Release|Any CPU.Build.0 = Release|Any CPU
	EndGlobalSection
	GlobalSection(SolutionProperties) = preSolution
		HideSolutionNode = FALSE
	EndGlobalSection
	GlobalSection(ExtensibilityGlobals) = postSolution
		SolutionGuid = {8EAB75B6-F35E-4945-ACCE-E7067F71FB66}
	EndGlobalSection
EndGlobal
